
Microsoft Visual Studio Solution File, Format Version 12.00
# Visual Studio Version 17
VisualStudioVersion = 17.2.32630.192
MinimumVisualStudioVersion = 10.0.40219.1
Project("{FAE04EC0-301F-11D3-BF4B-00C04F79EFBC}") = "OwodaApplication", "OwodaApplication\OwodaApplication.csproj", "{D58D2D48-C604-414C-84E6-692D88076F40}"
EndProject
Global
	GlobalSection(SolutionConfigurationPlatforms) = preSolution
		Debug|Any CPU = Debug|Any CPU
		Release|Any CPU = Release|Any CPU
	EndGlobalSection
	GlobalSection(ProjectConfigurationPlatforms) = postSolution
		{D58D2D48-C604-414C-84E6-692D88076F40}.Debug|Any CPU.ActiveCfg = Debug|Any CPU
		{D58D2D48-C604-414C-84E6-692D88076F40}.Debug|Any CPU.Build.0 = Debug|Any CPU
		{D58D2D48-C604-414C-84E6-692D88076F40}.Release|Any CPU.ActiveCfg = Release|Any CPU
		{D58D2D48-C604-414C-84E6-692D88076F40}.Release|Any CPU.Build.0 = Release|Any CPU
	EndGlobalSection
	GlobalSection(SolutionProperties) = preSolution
		HideSolutionNode = FALSE
	EndGlobalSection
	GlobalSection(ExtensibilityGlobals) = postSolution
		SolutionGuid = {735CB5E3-B888-458E-A09D-D30D0D9870CD}
	EndGlobalSection
EndGlobal
